{
  "nodes": {
    "android": {
      "inputs": {
        "flake-parts": [
          "flake-parts"
        ],
        "import-tree": "import-tree",
        "nixpkgs": [
          "nixpkgs"
        ]
      },
      "locked": {
        "lastModified": 1789473138,
        "narHash": "sha256-M+ITdatb7cfXZaVlI/aRmonD8IJFM100251qO1C1GDY=",
        "owner": "k2on",
        "repo": "android.nix",
        "rev": "d199af108bda41c937d0c336d3cbbaa39fff1a66",
        "type": "github"
      },
      "original": {
        "owner": "k2on",
        "repo": "android.nix",
        "type": "github"
      }
    },
    "flake-parts": {
      "inputs": {
        "nixpkgs-lib": [
          "nixpkgs"
        ]
      },
      "locked": {
        "lastModified": 1788450739,
        "narHash": "sha256-glZLQlzIn1fXH6PazR2iUmTo7kzzyYSshrWhLS9TqCU=",
        "owner": "hercules-ci",
        "repo": "flake-parts",
        "rev": "31729ca8cbdb4fa927b34e5f4353e6a83f39e993",
        "type": "github"
      },
      "original": {
        "owner": "hercules-ci",
        "repo": "flake-parts",
        "type": "github"
      }
    },
    "import-tree": {
      "locked": {
        "lastModified": 1788467110,
        "narHash": "sha256-ljEMTXP/rH0tOvDzc9gzwww6KcHRPRnEHzd9lK48V7s=",
        "owner": "vic",
        "repo": "import-tree",
        "rev": "eb1b52eaecc57f7c136d07ae8a93e724dfecac46",
        "type": "github"
      },
      "original": {
        "owner": "vic",
        "repo": "import-tree",
        "type": "github"
      }
    },
    "kleidiai": {
      "flake": false,
      "locked": {
        "lastModified": 1776261917,
        "narHash": "sha256-EqA/2Nu8/CGiBFK5EcCp6FVuBmmx6sV8x+g1Fx5HSh4=",
        "owner": "ARM-software",
        "repo": "kleidiai",
        "rev": "0b2ee513397578a272a4e8a6c12589ef6534371c",
        "type": "github"
      },
      "original": {
        "owner": "ARM-software",
        "ref": "v1.24.0",
        "repo": "kleidiai",
        "type": "github"
      }
    },
    "llama-cpp": {
      "flake": false,
      "locked": {
        "lastModified": 1790255927,
        "narHash": "sha256-28Fg0GU9opNSdg47nIykiO4L6ZNkrjUM47dco9lGpyY=",
        "owner": "ggml-org",
        "repo": "llama.cpp",
        "rev": "70c4e1582e37e4fd94104eb09301711a0f2675bc",
        "type": "github"
      },
      "original": {
        "owner": "ggml-org",
        "ref": "b11160",
        "repo": "llama.cpp",
        "type": "github"
      }
    },
    "nixpkgs": {
      "locked": {
        "lastModified": 1789009968,
        "narHash": "sha256-GB16oaxpsrnGNnGIE+0uYBqMRzB9X6FYDUvjvnJAYew=",
        "owner": "NixOS",
        "repo": "nixpkgs",
        "rev": "d58a46e3bc02d91ebe04667f8397752a749c0024",
        "type": "github"
      },
      "original": {
        "owner": "NixOS",
        "ref": "nixos-26.05",
        "repo": "nixpkgs",
        "type": "github"
      }
    },
    "root": {
      "inputs": {
        "android": "android",
        "flake-parts": "flake-parts",
        "kleidiai": "kleidiai",
        "llama-cpp": "llama-cpp",
        "nixpkgs": "nixpkgs"
      }
    }
  },
  "root": "root",
  "version": 7
}
